
Microsoft Visual Studio Solution File, Format Version 12.00
# Visual Studio Version 17
VisualStudioVersion = 17.5.33530.505
MinimumVisualStudioVersion = 10.0.40219.1
Project("{FAE04EC0-301F-11D3-BF4B-00C04F79EFBC}") = "SoftAllianceAssesment", "SoftAllianceAssesment\SoftAllianceAssesment.csproj", "{1F8F5482-FCB8-4306-B5AC-84999431F60C}"
EndProject
Global
	GlobalSection(SolutionConfigurationPlatforms) = preSolution
		Debug|Any CPU = Debug|Any CPU
		Release|Any CPU = Release|Any CPU
	EndGlobalSection
	GlobalSection(ProjectConfigurationPlatforms) = postSolution
		{1F8F5482-FCB8-4306-B5AC-84999431F60C}.Debug|Any CPU.ActiveCfg = Debug|Any CPU
		{1F8F5482-FCB8-4306-B5AC-84999431F60C}.Debug|Any CPU.Build.0 = Debug|Any CPU
		{1F8F5482-FCB8-4306-B5AC-84999431F60C}.Release|Any CPU.ActiveCfg = Release|Any CPU
		{1F8F5482-FCB8-4306-B5AC-84999431F60C}.Release|Any CPU.Build.0 = Release|Any CPU
	EndGlobalSection
	GlobalSection(SolutionProperties) = preSolution
		HideSolutionNode = FALSE
	EndGlobalSection
	GlobalSection(ExtensibilityGlobals) = postSolution
		SolutionGuid = {FA0EBC81-098F-4C16-A8AB-F6D9E03509C7}
	EndGlobalSection
EndGlobal
